
Microsoft Visual Studio Solution File, Format Version 12.00
# Visual Studio 15
VisualStudioVersion = 15.0.26730.15
MinimumVisualStudioVersion = 10.0.40219.1
Project("{FAE04EC0-301F-11D3-BF4B-00C04F79EFBC}") = "OwaFilesDropper", "OwaFilesDropper\OwaFilesDropper.csproj", "{2709C4A4-6EC2-400D-8CE4-5E43B614E6A0}"
EndProject
Project("{FAE04EC0-301F-11D3-BF4B-00C04F79EFBC}") = "OwaFilesDropperServer", "OwaAttachmentServer\OwaFilesDropperServer.csproj", "{FBF1E00D-0295-4B26-90D2-272BC8C0623B}"
EndProject
Project("{54435603-DBB4-11D2-8724-00A0C9A8B90C}") = "OwaFilesDropperSetup", "OwaFilesDropperSetup\OwaFilesDropperSetup.vdproj", "{E4E34D1C-8774-478D-AC9B-F96BF62133F7}"
EndProject
Project("{FAE04EC0-301F-11D3-BF4B-00C04F79EFBC}") = "ServiceUninstaller", "ServiceUninstaller\ServiceUninstaller.csproj", "{0569052E-E207-401D-85F1-9CECF5C3F309}"
EndProject
Project("{FAE04EC0-301F-11D3-BF4B-00C04F79EFBC}") = "OwaAttachmentDropper", "OwaAttachmentDropper\OwaAttachmentDropper.csproj", "{9D141603-1A9D-4EEC-82D8-C473EA436839}"
EndProject
Global
	GlobalSection(SolutionConfigurationPlatforms) = preSolution
		Debug|Any CPU = Debug|Any CPU
		Release|Any CPU = Release|Any CPU
	EndGlobalSection
	GlobalSection(ProjectConfigurationPlatforms) = postSolution
		{2709C4A4-6EC2-400D-8CE4-5E43B614E6A0}.Debug|Any CPU.ActiveCfg = Debug|Any CPU
		{2709C4A4-6EC2-400D-8CE4-5E43B614E6A0}.Debug|Any CPU.Build.0 = Debug|Any CPU
		{2709C4A4-6EC2-400D-8CE4-5E43B614E6A0}.Debug|Any CPU.Deploy.0 = Debug|Any CPU
		{2709C4A4-6EC2-400D-8CE4-5E43B614E6A0}.Release|Any CPU.ActiveCfg = Release|Any CPU
		{2709C4A4-6EC2-400D-8CE4-5E43B614E6A0}.Release|Any CPU.Build.0 = Release|Any CPU
		{2709C4A4-6EC2-400D-8CE4-5E43B614E6A0}.Release|Any CPU.Deploy.0 = Release|Any CPU
		{FBF1E00D-0295-4B26-90D2-272BC8C0623B}.Debug|Any CPU.ActiveCfg = Debug|Any CPU
		{FBF1E00D-0295-4B26-90D2-272BC8C0623B}.Debug|Any CPU.Build.0 = Debug|Any CPU
		{FBF1E00D-0295-4B26-90D2-272BC8C0623B}.Release|Any CPU.ActiveCfg = Release|Any CPU
		{FBF1E00D-0295-4B26-90D2-272BC8C0623B}.Release|Any CPU.Build.0 = Release|Any CPU
		{E4E34D1C-8774-478D-AC9B-F96BF62133F7}.Debug|Any CPU.ActiveCfg = Debug
		{E4E34D1C-8774-478D-AC9B-F96BF62133F7}.Release|Any CPU.ActiveCfg = Release
		{0569052E-E207-401D-85F1-9CECF5C3F309}.Debug|Any CPU.ActiveCfg = Debug|Any CPU
		{0569052E-E207-401D-85F1-9CECF5C3F309}.Debug|Any CPU.Build.0 = Debug|Any CPU
		{0569052E-E207-401D-85F1-9CECF5C3F309}.Release|Any CPU.ActiveCfg = Release|Any CPU
		{0569052E-E207-401D-85F1-9CECF5C3F309}.Release|Any CPU.Build.0 = Release|Any CPU
		{9D141603-1A9D-4EEC-82D8-C473EA436839}.Debug|Any CPU.ActiveCfg = Debug|Any CPU
		{9D141603-1A9D-4EEC-82D8-C473EA436839}.Debug|Any CPU.Build.0 = Debug|Any CPU
		{9D141603-1A9D-4EEC-82D8-C473EA436839}.Release|Any CPU.ActiveCfg = Release|Any CPU
		{9D141603-1A9D-4EEC-82D8-C473EA436839}.Release|Any CPU.Build.0 = Release|Any CPU
	EndGlobalSection
	GlobalSection(SolutionProperties) = preSolution
		HideSolutionNode = FALSE
	EndGlobalSection
	GlobalSection(ExtensibilityGlobals) = postSolution
		SolutionGuid = {801E48E7-30DA-4F84-BB97-E0F8ED539378}
	EndGlobalSection
EndGlobal
