
Microsoft Visual Studio Solution File, Format Version 12.00
# Visual Studio 15
VisualStudioVersion = 15.0.26730.15
MinimumVisualStudioVersion = 10.0.40219.1
Project("{FAE04EC0-301F-11D3-BF4B-00C04F79EFBC}") = "OwaFilesDropperServer", "OwaAttachmentServer\OwaFilesDropperServer.csproj", "{FBF1E00D-0295-4B26-90D2-272BC8C0623B}"
EndProject
Project("{FAE04EC0-301F-11D3-BF4B-00C04F79EFBC}") = "OwaAttachmentDropper", "OwaAttachmentDropper\OwaAttachmentDropper.csproj", "{9D141603-1A9D-4EEC-82D8-C473EA436839}"
EndProject
Project("{FAE04EC0-301F-11D3-BF4B-00C04F79EFBC}") = "OwaFilesDropperInstaller", "OwaFilesDropperInstaller\OwaFilesDropperInstaller.csproj", "{34449331-FD21-4F86-BCE1-30C226F22ACB}"
EndProject
Project("{930C7802-8A8C-48F9-8165-68863BCCD9DD}") = "OwaFilesDropperSetup", "OwaFilesDropperSetup\OwaFilesDropperSetup.wixproj", "{1AD7CC58-F0F4-4B23-B8D6-2E6184D779F5}"
EndProject
Project("{FAE04EC0-301F-11D3-BF4B-00C04F79EFBC}") = "OwaFilesDropperSetupCA", "OwaFilesDropperSetupCustomAction\OwaFilesDropperSetupCA.csproj", "{C15B5273-3BA0-4BFD-872C-B6915AB6FF50}"
EndProject
Global
	GlobalSection(SolutionConfigurationPlatforms) = preSolution
		Debug|Any CPU = Debug|Any CPU
		Debug|x86 = Debug|x86
		Release|Any CPU = Release|Any CPU
		Release|x86 = Release|x86
	EndGlobalSection
	GlobalSection(ProjectConfigurationPlatforms) = postSolution
		{FBF1E00D-0295-4B26-90D2-272BC8C0623B}.Debug|Any CPU.ActiveCfg = Debug|Any CPU
		{FBF1E00D-0295-4B26-90D2-272BC8C0623B}.Debug|Any CPU.Build.0 = Debug|Any CPU
		{FBF1E00D-0295-4B26-90D2-272BC8C0623B}.Debug|x86.ActiveCfg = Debug|Any CPU
		{FBF1E00D-0295-4B26-90D2-272BC8C0623B}.Debug|x86.Build.0 = Debug|Any CPU
		{FBF1E00D-0295-4B26-90D2-272BC8C0623B}.Release|Any CPU.ActiveCfg = Release|Any CPU
		{FBF1E00D-0295-4B26-90D2-272BC8C0623B}.Release|Any CPU.Build.0 = Release|Any CPU
		{FBF1E00D-0295-4B26-90D2-272BC8C0623B}.Release|x86.ActiveCfg = Release|Any CPU
		{FBF1E00D-0295-4B26-90D2-272BC8C0623B}.Release|x86.Build.0 = Release|Any CPU
		{9D141603-1A9D-4EEC-82D8-C473EA436839}.Debug|Any CPU.ActiveCfg = Debug|Any CPU
		{9D141603-1A9D-4EEC-82D8-C473EA436839}.Debug|Any CPU.Build.0 = Debug|Any CPU
		{9D141603-1A9D-4EEC-82D8-C473EA436839}.Debug|x86.ActiveCfg = Debug|Any CPU
		{9D141603-1A9D-4EEC-82D8-C473EA436839}.Debug|x86.Build.0 = Debug|Any CPU
		{9D141603-1A9D-4EEC-82D8-C473EA436839}.Release|Any CPU.ActiveCfg = Release|Any CPU
		{9D141603-1A9D-4EEC-82D8-C473EA436839}.Release|Any CPU.Build.0 = Release|Any CPU
		{9D141603-1A9D-4EEC-82D8-C473EA436839}.Release|x86.ActiveCfg = Release|Any CPU
		{9D141603-1A9D-4EEC-82D8-C473EA436839}.Release|x86.Build.0 = Release|Any CPU
		{34449331-FD21-4F86-BCE1-30C226F22ACB}.Debug|Any CPU.ActiveCfg = Debug|Any CPU
		{34449331-FD21-4F86-BCE1-30C226F22ACB}.Debug|Any CPU.Build.0 = Debug|Any CPU
		{34449331-FD21-4F86-BCE1-30C226F22ACB}.Debug|x86.ActiveCfg = Debug|Any CPU
		{34449331-FD21-4F86-BCE1-30C226F22ACB}.Debug|x86.Build.0 = Debug|Any CPU
		{34449331-FD21-4F86-BCE1-30C226F22ACB}.Release|Any CPU.ActiveCfg = Release|Any CPU
		{34449331-FD21-4F86-BCE1-30C226F22ACB}.Release|Any CPU.Build.0 = Release|Any CPU
		{34449331-FD21-4F86-BCE1-30C226F22ACB}.Release|x86.ActiveCfg = Release|Any CPU
		{34449331-FD21-4F86-BCE1-30C226F22ACB}.Release|x86.Build.0 = Release|Any CPU
		{1AD7CC58-F0F4-4B23-B8D6-2E6184D779F5}.Debug|Any CPU.ActiveCfg = Debug|x86
		{1AD7CC58-F0F4-4B23-B8D6-2E6184D779F5}.Debug|x86.ActiveCfg = Debug|x86
		{1AD7CC58-F0F4-4B23-B8D6-2E6184D779F5}.Debug|x86.Build.0 = Debug|x86
		{1AD7CC58-F0F4-4B23-B8D6-2E6184D779F5}.Release|Any CPU.ActiveCfg = Release|x86
		{1AD7CC58-F0F4-4B23-B8D6-2E6184D779F5}.Release|x86.ActiveCfg = Release|x86
		{1AD7CC58-F0F4-4B23-B8D6-2E6184D779F5}.Release|x86.Build.0 = Release|x86
		{C15B5273-3BA0-4BFD-872C-B6915AB6FF50}.Debug|Any CPU.ActiveCfg = Debug|x86
		{C15B5273-3BA0-4BFD-872C-B6915AB6FF50}.Debug|x86.ActiveCfg = Debug|x86
		{C15B5273-3BA0-4BFD-872C-B6915AB6FF50}.Debug|x86.Build.0 = Debug|x86
		{C15B5273-3BA0-4BFD-872C-B6915AB6FF50}.Release|Any CPU.ActiveCfg = Release|x86
		{C15B5273-3BA0-4BFD-872C-B6915AB6FF50}.Release|x86.ActiveCfg = Release|x86
		{C15B5273-3BA0-4BFD-872C-B6915AB6FF50}.Release|x86.Build.0 = Release|x86
	EndGlobalSection
	GlobalSection(SolutionProperties) = preSolution
		HideSolutionNode = FALSE
	EndGlobalSection
	GlobalSection(ExtensibilityGlobals) = postSolution
		SolutionGuid = {801E48E7-30DA-4F84-BB97-E0F8ED539378}
	EndGlobalSection
EndGlobal
